
Microsoft Visual Studio Solution File, Format Version 12.00
# Visual Studio Version 17
VisualStudioVersion = 17.4.33110.190
MinimumVisualStudioVersion = 10.0.40219.1
Project("{2150E333-8FDC-42A3-9474-1A3956D46DE8}") = "CQRS-ES", "CQRS-ES", "{6D858757-F7B6-4ACF-B3D1-DF4063F1C998}"
EndProject
Project("{2150E333-8FDC-42A3-9474-1A3956D46DE8}") = "CQRS-POST", "CQRS-POST", "{33FEF748-204F-4E80-9B24-2830D72694EF}"
EndProject
Project("{FAE04EC0-301F-11D3-BF4B-00C04F79EFBC}") = "CQRS.Core", "CQRS-ES\CQRS.Core\CQRS.Core.csproj", "{A1459404-EC6A-4114-98DE-2E3DD6E8B116}"
EndProject
Project("{2150E333-8FDC-42A3-9474-1A3956D46DE8}") = "Post.Cmd", "Post.Cmd", "{F50A8A48-6E01-433C-AC51-564FC87E64DB}"
EndProject
Project("{2150E333-8FDC-42A3-9474-1A3956D46DE8}") = "Post.Query", "Post.Query", "{235733B7-1928-46B9-87EE-1B1257FCF716}"
EndProject
Project("{FAE04EC0-301F-11D3-BF4B-00C04F79EFBC}") = "Post.Cmd.Api", "SM-Post\Post.Cmd\Post.Cmd.Api\Post.Cmd.Api.csproj", "{F5F7B1ED-1D19-4A83-8F1E-20A6AE5859E3}"
EndProject
Project("{FAE04EC0-301F-11D3-BF4B-00C04F79EFBC}") = "Post.Cmd.Domain", "SM-Post\Post.Cmd\Post.Cmd.Domain\Post.Cmd.Domain.csproj", "{38D9AD77-AA7E-4A84-8169-9898B4EACAAB}"
EndProject
Project("{FAE04EC0-301F-11D3-BF4B-00C04F79EFBC}") = "Post.Cmd.Infra", "SM-Post\Post.Cmd\Post.Cmd.Infra\Post.Cmd.Infra.csproj", "{E749F238-D45E-406F-9367-B9B5F62A353D}"
EndProject
Project("{FAE04EC0-301F-11D3-BF4B-00C04F79EFBC}") = "Post.Query.Api", "SM-Post\Post.Query\Post.Query.Api\Post.Query.Api.csproj", "{6C6CD173-5F7C-4707-AC8D-91E6CF95ABD0}"
EndProject
Project("{FAE04EC0-301F-11D3-BF4B-00C04F79EFBC}") = "Post.Query.Domain", "SM-Post\Post.Query\Post.Query.Domain\Post.Query.Domain.csproj", "{175D93C3-FA61-44A1-983F-2B02A8CB749E}"
EndProject
Project("{FAE04EC0-301F-11D3-BF4B-00C04F79EFBC}") = "Post.Query.Infra", "SM-Post\Post.Query\Post.Query.Infra\Post.Query.Infra.csproj", "{1676D202-F105-4449-80E6-02A328558604}"
EndProject
Project("{2150E333-8FDC-42A3-9474-1A3956D46DE8}") = "Post.Common", "Post.Common", "{E7DC3AED-7B02-41F4-8B1B-E5733DAAFFB7}"
EndProject
Project("{FAE04EC0-301F-11D3-BF4B-00C04F79EFBC}") = "Post.Common", "SM-Post\Post.Common\Post.Common\Post.Common.csproj", "{26512827-AC24-4122-BF6E-8CBC81DABDF0}"
EndProject
Global
	GlobalSection(SolutionConfigurationPlatforms) = preSolution
		Debug|Any CPU = Debug|Any CPU
		Release|Any CPU = Release|Any CPU
	EndGlobalSection
	GlobalSection(ProjectConfigurationPlatforms) = postSolution
		{A1459404-EC6A-4114-98DE-2E3DD6E8B116}.Debug|Any CPU.ActiveCfg = Debug|Any CPU
		{A1459404-EC6A-4114-98DE-2E3DD6E8B116}.Debug|Any CPU.Build.0 = Debug|Any CPU
		{A1459404-EC6A-4114-98DE-2E3DD6E8B116}.Release|Any CPU.ActiveCfg = Release|Any CPU
		{A1459404-EC6A-4114-98DE-2E3DD6E8B116}.Release|Any CPU.Build.0 = Release|Any CPU
		{F5F7B1ED-1D19-4A83-8F1E-20A6AE5859E3}.Debug|Any CPU.ActiveCfg = Debug|Any CPU
		{F5F7B1ED-1D19-4A83-8F1E-20A6AE5859E3}.Debug|Any CPU.Build.0 = Debug|Any CPU
		{F5F7B1ED-1D19-4A83-8F1E-20A6AE5859E3}.Release|Any CPU.ActiveCfg = Release|Any CPU
		{F5F7B1ED-1D19-4A83-8F1E-20A6AE5859E3}.Release|Any CPU.Build.0 = Release|Any CPU
		{38D9AD77-AA7E-4A84-8169-9898B4EACAAB}.Debug|Any CPU.ActiveCfg = Debug|Any CPU
		{38D9AD77-AA7E-4A84-8169-9898B4EACAAB}.Debug|Any CPU.Build.0 = Debug|Any CPU
		{38D9AD77-AA7E-4A84-8169-9898B4EACAAB}.Release|Any CPU.ActiveCfg = Release|Any CPU
		{38D9AD77-AA7E-4A84-8169-9898B4EACAAB}.Release|Any CPU.Build.0 = Release|Any CPU
		{E749F238-D45E-406F-9367-B9B5F62A353D}.Debug|Any CPU.ActiveCfg = Debug|Any CPU
		{E749F238-D45E-406F-9367-B9B5F62A353D}.Debug|Any CPU.Build.0 = Debug|Any CPU
		{E749F238-D45E-406F-9367-B9B5F62A353D}.Release|Any CPU.ActiveCfg = Release|Any CPU
		{E749F238-D45E-406F-9367-B9B5F62A353D}.Release|Any CPU.Build.0 = Release|Any CPU
		{6C6CD173-5F7C-4707-AC8D-91E6CF95ABD0}.Debug|Any CPU.ActiveCfg = Debug|Any CPU
		{6C6CD173-5F7C-4707-AC8D-91E6CF95ABD0}.Debug|Any CPU.Build.0 = Debug|Any CPU
		{6C6CD173-5F7C-4707-AC8D-91E6CF95ABD0}.Release|Any CPU.ActiveCfg = Release|Any CPU
		{6C6CD173-5F7C-4707-AC8D-91E6CF95ABD0}.Release|Any CPU.Build.0 = Release|Any CPU
		{175D93C3-FA61-44A1-983F-2B02A8CB749E}.Debug|Any CPU.ActiveCfg = Debug|Any CPU
		{175D93C3-FA61-44A1-983F-2B02A8CB749E}.Debug|Any CPU.Build.0 = Debug|Any CPU
		{175D93C3-FA61-44A1-983F-2B02A8CB749E}.Release|Any CPU.ActiveCfg = Release|Any CPU
		{175D93C3-FA61-44A1-983F-2B02A8CB749E}.Release|Any CPU.Build.0 = Release|Any CPU
		{1676D202-F105-4449-80E6-02A328558604}.Debug|Any CPU.ActiveCfg = Debug|Any CPU
		{1676D202-F105-4449-80E6-02A328558604}.Debug|Any CPU.Build.0 = Debug|Any CPU
		{1676D202-F105-4449-80E6-02A328558604}.Release|Any CPU.ActiveCfg = Release|Any CPU
		{1676D202-F105-4449-80E6-02A328558604}.Release|Any CPU.Build.0 = Release|Any CPU
		{26512827-AC24-4122-BF6E-8CBC81DABDF0}.Debug|Any CPU.ActiveCfg = Debug|Any CPU
		{26512827-AC24-4122-BF6E-8CBC81DABDF0}.Debug|Any CPU.Build.0 = Debug|Any CPU
		{26512827-AC24-4122-BF6E-8CBC81DABDF0}.Release|Any CPU.ActiveCfg = Release|Any CPU
		{26512827-AC24-4122-BF6E-8CBC81DABDF0}.Release|Any CPU.Build.0 = Release|Any CPU
	EndGlobalSection
	GlobalSection(SolutionProperties) = preSolution
		HideSolutionNode = FALSE
	EndGlobalSection
	GlobalSection(NestedProjects) = preSolution
		{A1459404-EC6A-4114-98DE-2E3DD6E8B116} = {6D858757-F7B6-4ACF-B3D1-DF4063F1C998}
		{F50A8A48-6E01-433C-AC51-564FC87E64DB} = {33FEF748-204F-4E80-9B24-2830D72694EF}
		{235733B7-1928-46B9-87EE-1B1257FCF716} = {33FEF748-204F-4E80-9B24-2830D72694EF}
		{F5F7B1ED-1D19-4A83-8F1E-20A6AE5859E3} = {F50A8A48-6E01-433C-AC51-564FC87E64DB}
		{38D9AD77-AA7E-4A84-8169-9898B4EACAAB} = {F50A8A48-6E01-433C-AC51-564FC87E64DB}
		{E749F238-D45E-406F-9367-B9B5F62A353D} = {F50A8A48-6E01-433C-AC51-564FC87E64DB}
		{6C6CD173-5F7C-4707-AC8D-91E6CF95ABD0} = {235733B7-1928-46B9-87EE-1B1257FCF716}
		{175D93C3-FA61-44A1-983F-2B02A8CB749E} = {235733B7-1928-46B9-87EE-1B1257FCF716}
		{1676D202-F105-4449-80E6-02A328558604} = {235733B7-1928-46B9-87EE-1B1257FCF716}
		{E7DC3AED-7B02-41F4-8B1B-E5733DAAFFB7} = {33FEF748-204F-4E80-9B24-2830D72694EF}
		{26512827-AC24-4122-BF6E-8CBC81DABDF0} = {E7DC3AED-7B02-41F4-8B1B-E5733DAAFFB7}
	EndGlobalSection
	GlobalSection(ExtensibilityGlobals) = postSolution
		SolutionGuid = {06DE940B-7189-4141-8424-B3BCF9EF57C6}
	EndGlobalSection
EndGlobal
